
Microsoft Visual Studio Solution File, Format Version 11.00
# Visual Studio 2010
Project("{FAE04EC0-301F-11D3-BF4B-00C04F79EFBC}") = "soniccd_setup", "soniccd_setup\soniccd_setup.csproj", "{60D8ED3B-E6C1-4D8D-B059-9E46289F214B}"
EndProject
Project("{FAE04EC0-301F-11D3-BF4B-00C04F79EFBC}") = "Accessibility", "Accessibility\Accessibility.csproj", "{60D8ED3B-E6C1-4D8D-B059-9E46289F214D}"
EndProject
Project("{FAE04EC0-301F-11D3-BF4B-00C04F79EFBC}") = "Microsoft.DirectX.Direct3D", "Microsoft.DirectX.Direct3D\Microsoft.DirectX.Direct3D.csproj", "{60D8ED3B-E6C1-4D8D-B059-9E46289F2157}"
EndProject
Project("{FAE04EC0-301F-11D3-BF4B-00C04F79EFBC}") = "mscorlib", "mscorlib\mscorlib.csproj", "{60D8ED3B-E6C1-4D8D-B059-9E46289F214C}"
EndProject
Project("{FAE04EC0-301F-11D3-BF4B-00C04F79EFBC}") = "System.Configuration", "System.Configuration\System.Configuration.csproj", "{60D8ED3B-E6C1-4D8D-B059-9E46289F214E}"
EndProject
Project("{FAE04EC0-301F-11D3-BF4B-00C04F79EFBC}") = "System.Data.SqlXml", "System.Data.SqlXml\System.Data.SqlXml.csproj", "{60D8ED3B-E6C1-4D8D-B059-9E46289F214F}"
EndProject
Project("{FAE04EC0-301F-11D3-BF4B-00C04F79EFBC}") = "System.Deployment", "System.Deployment\System.Deployment.csproj", "{60D8ED3B-E6C1-4D8D-B059-9E46289F2150}"
EndProject
Project("{FAE04EC0-301F-11D3-BF4B-00C04F79EFBC}") = "System.Drawing", "System.Drawing\System.Drawing.csproj", "{60D8ED3B-E6C1-4D8D-B059-9E46289F2151}"
EndProject
Project("{FAE04EC0-301F-11D3-BF4B-00C04F79EFBC}") = "System.Runtime.Serialization.Formatters.Soap", "System.Runtime.Serialization.Formatters.Soap\System.Runtime.Serialization.Formatters.Soap.csproj", "{60D8ED3B-E6C1-4D8D-B059-9E46289F2152}"
EndProject
Project("{FAE04EC0-301F-11D3-BF4B-00C04F79EFBC}") = "System.Security", "System.Security\System.Security.csproj", "{60D8ED3B-E6C1-4D8D-B059-9E46289F2153}"
EndProject
Project("{FAE04EC0-301F-11D3-BF4B-00C04F79EFBC}") = "System.Windows.Forms", "System.Windows.Forms\System.Windows.Forms.csproj", "{60D8ED3B-E6C1-4D8D-B059-9E46289F2154}"
EndProject
Project("{FAE04EC0-301F-11D3-BF4B-00C04F79EFBC}") = "System.Xml", "System.Xml\System.Xml.csproj", "{60D8ED3B-E6C1-4D8D-B059-9E46289F2155}"
EndProject
Project("{FAE04EC0-301F-11D3-BF4B-00C04F79EFBC}") = "System", "System\System.csproj", "{60D8ED3B-E6C1-4D8D-B059-9E46289F2156}"
EndProject
Global
	GlobalSection(SolutionConfigurationPlatforms) = preSolution
		Debug|Any CPU = Debug|Any CPU
		Debug|Mixed Platforms = Debug|Mixed Platforms
		Debug|x86 = Debug|x86
		Debug|x64 = Debug|x64
		Release|Any CPU = Release|Any CPU
		Release|Mixed Platforms = Release|Mixed Platforms
		Release|x86 = Release|x86
		Release|x64 = Release|x64
	EndGlobalSection
	GlobalSection(ProjectConfigurationPlatforms) = postSolution
		{60D8ED3B-E6C1-4D8D-B059-9E46289F214B}.Debug|Any CPU.ActiveCfg = Debug|x86
		{60D8ED3B-E6C1-4D8D-B059-9E46289F214B}.Debug|Any CPU.Build.0 = Debug|x86
		{60D8ED3B-E6C1-4D8D-B059-9E46289F214B}.Debug|Mixed Platforms.ActiveCfg = Debug|x86
		{60D8ED3B-E6C1-4D8D-B059-9E46289F214B}.Debug|Mixed Platforms.Build.0 = Debug|x86
		{60D8ED3B-E6C1-4D8D-B059-9E46289F214B}.Debug|x86.ActiveCfg = Debug|x86
		{60D8ED3B-E6C1-4D8D-B059-9E46289F214B}.Debug|x86.Build.0 = Debug|x86
		{60D8ED3B-E6C1-4D8D-B059-9E46289F214B}.Debug|x64.ActiveCfg = Debug|x86
		{60D8ED3B-E6C1-4D8D-B059-9E46289F214B}.Debug|x64.Build.0 = Debug|x86
		{60D8ED3B-E6C1-4D8D-B059-9E46289F214B}.Release|Any CPU.ActiveCfg = Release|x86
		{60D8ED3B-E6C1-4D8D-B059-9E46289F214B}.Release|Any CPU.Build.0 = Release|x86
		{60D8ED3B-E6C1-4D8D-B059-9E46289F214B}.Release|Mixed Platforms.ActiveCfg = Release|x86
		{60D8ED3B-E6C1-4D8D-B059-9E46289F214B}.Release|Mixed Platforms.Build.0 = Release|x86
		{60D8ED3B-E6C1-4D8D-B059-9E46289F214B}.Release|x86.ActiveCfg = Release|x86
		{60D8ED3B-E6C1-4D8D-B059-9E46289F214B}.Release|x86.Build.0 = Release|x86
		{60D8ED3B-E6C1-4D8D-B059-9E46289F214B}.Release|x64.ActiveCfg = Release|x86
		{60D8ED3B-E6C1-4D8D-B059-9E46289F214B}.Release|x64.Build.0 = Release|x86
		{60D8ED3B-E6C1-4D8D-B059-9E46289F214D}.Debug|Any CPU.ActiveCfg = Debug|Any CPU
		{60D8ED3B-E6C1-4D8D-B059-9E46289F214D}.Debug|Any CPU.Build.0 = Debug|Any CPU
		{60D8ED3B-E6C1-4D8D-B059-9E46289F214D}.Debug|Mixed Platforms.ActiveCfg = Debug|Any CPU
		{60D8ED3B-E6C1-4D8D-B059-9E46289F214D}.Debug|Mixed Platforms.Build.0 = Debug|Any CPU
		{60D8ED3B-E6C1-4D8D-B059-9E46289F214D}.Debug|x86.ActiveCfg = Debug|Any CPU
		{60D8ED3B-E6C1-4D8D-B059-9E46289F214D}.Debug|x86.Build.0 = Debug|Any CPU
		{60D8ED3B-E6C1-4D8D-B059-9E46289F214D}.Debug|x64.ActiveCfg = Debug|Any CPU
		{60D8ED3B-E6C1-4D8D-B059-9E46289F214D}.Debug|x64.Build.0 = Debug|Any CPU
		{60D8ED3B-E6C1-4D8D-B059-9E46289F214D}.Release|Any CPU.ActiveCfg = Release|Any CPU
		{60D8ED3B-E6C1-4D8D-B059-9E46289F214D}.Release|Any CPU.Build.0 = Release|Any CPU
		{60D8ED3B-E6C1-4D8D-B059-9E46289F214D}.Release|Mixed Platforms.ActiveCfg = Release|Any CPU
		{60D8ED3B-E6C1-4D8D-B059-9E46289F214D}.Release|Mixed Platforms.Build.0 = Release|Any CPU
		{60D8ED3B-E6C1-4D8D-B059-9E46289F214D}.Release|x86.ActiveCfg = Release|Any CPU
		{60D8ED3B-E6C1-4D8D-B059-9E46289F214D}.Release|x86.Build.0 = Release|Any CPU
		{60D8ED3B-E6C1-4D8D-B059-9E46289F214D}.Release|x64.ActiveCfg = Release|Any CPU
		{60D8ED3B-E6C1-4D8D-B059-9E46289F214D}.Release|x64.Build.0 = Release|Any CPU
		{60D8ED3B-E6C1-4D8D-B059-9E46289F2157}.Debug|Any CPU.ActiveCfg = Debug|x86
		{60D8ED3B-E6C1-4D8D-B059-9E46289F2157}.Debug|Any CPU.Build.0 = Debug|x86
		{60D8ED3B-E6C1-4D8D-B059-9E46289F2157}.Debug|Mixed Platforms.ActiveCfg = Debug|x86
		{60D8ED3B-E6C1-4D8D-B059-9E46289F2157}.Debug|Mixed Platforms.Build.0 = Debug|x86
		{60D8ED3B-E6C1-4D8D-B059-9E46289F2157}.Debug|x86.ActiveCfg = Debug|x86
		{60D8ED3B-E6C1-4D8D-B059-9E46289F2157}.Debug|x86.Build.0 = Debug|x86
		{60D8ED3B-E6C1-4D8D-B059-9E46289F2157}.Debug|x64.ActiveCfg = Debug|x86
		{60D8ED3B-E6C1-4D8D-B059-9E46289F2157}.Debug|x64.Build.0 = Debug|x86
		{60D8ED3B-E6C1-4D8D-B059-9E46289F2157}.Release|Any CPU.ActiveCfg = Release|x86
		{60D8ED3B-E6C1-4D8D-B059-9E46289F2157}.Release|Any CPU.Build.0 = Release|x86
		{60D8ED3B-E6C1-4D8D-B059-9E46289F2157}.Release|Mixed Platforms.ActiveCfg = Release|x86
		{60D8ED3B-E6C1-4D8D-B059-9E46289F2157}.Release|Mixed Platforms.Build.0 = Release|x86
		{60D8ED3B-E6C1-4D8D-B059-9E46289F2157}.Release|x86.ActiveCfg = Release|x86
		{60D8ED3B-E6C1-4D8D-B059-9E46289F2157}.Release|x86.Build.0 = Release|x86
		{60D8ED3B-E6C1-4D8D-B059-9E46289F2157}.Release|x64.ActiveCfg = Release|x86
		{60D8ED3B-E6C1-4D8D-B059-9E46289F2157}.Release|x64.Build.0 = Release|x86
		{60D8ED3B-E6C1-4D8D-B059-9E46289F214C}.Debug|Any CPU.ActiveCfg = Debug|x64
		{60D8ED3B-E6C1-4D8D-B059-9E46289F214C}.Debug|Any CPU.Build.0 = Debug|x64
		{60D8ED3B-E6C1-4D8D-B059-9E46289F214C}.Debug|Mixed Platforms.ActiveCfg = Debug|x64
		{60D8ED3B-E6C1-4D8D-B059-9E46289F214C}.Debug|Mixed Platforms.Build.0 = Debug|x64
		{60D8ED3B-E6C1-4D8D-B059-9E46289F214C}.Debug|x86.ActiveCfg = Debug|x64
		{60D8ED3B-E6C1-4D8D-B059-9E46289F214C}.Debug|x86.Build.0 = Debug|x64
		{60D8ED3B-E6C1-4D8D-B059-9E46289F214C}.Debug|x64.ActiveCfg = Debug|x64
		{60D8ED3B-E6C1-4D8D-B059-9E46289F214C}.Debug|x64.Build.0 = Debug|x64
		{60D8ED3B-E6C1-4D8D-B059-9E46289F214C}.Release|Any CPU.ActiveCfg = Release|x64
		{60D8ED3B-E6C1-4D8D-B059-9E46289F214C}.Release|Any CPU.Build.0 = Release|x64
		{60D8ED3B-E6C1-4D8D-B059-9E46289F214C}.Release|Mixed Platforms.ActiveCfg = Release|x64
		{60D8ED3B-E6C1-4D8D-B059-9E46289F214C}.Release|Mixed Platforms.Build.0 = Release|x64
		{60D8ED3B-E6C1-4D8D-B059-9E46289F214C}.Release|x86.ActiveCfg = Release|x64
		{60D8ED3B-E6C1-4D8D-B059-9E46289F214C}.Release|x86.Build.0 = Release|x64
		{60D8ED3B-E6C1-4D8D-B059-9E46289F214C}.Release|x64.ActiveCfg = Release|x64
		{60D8ED3B-E6C1-4D8D-B059-9E46289F214C}.Release|x64.Build.0 = Release|x64
		{60D8ED3B-E6C1-4D8D-B059-9E46289F214E}.Debug|Any CPU.ActiveCfg = Debug|Any CPU
		{60D8ED3B-E6C1-4D8D-B059-9E46289F214E}.Debug|Any CPU.Build.0 = Debug|Any CPU
		{60D8ED3B-E6C1-4D8D-B059-9E46289F214E}.Debug|Mixed Platforms.ActiveCfg = Debug|Any CPU
		{60D8ED3B-E6C1-4D8D-B059-9E46289F214E}.Debug|Mixed Platforms.Build.0 = Debug|Any CPU
		{60D8ED3B-E6C1-4D8D-B059-9E46289F214E}.Debug|x86.ActiveCfg = Debug|Any CPU
		{60D8ED3B-E6C1-4D8D-B059-9E46289F214E}.Debug|x86.Build.0 = Debug|Any CPU
		{60D8ED3B-E6C1-4D8D-B059-9E46289F214E}.Debug|x64.ActiveCfg = Debug|Any CPU
		{60D8ED3B-E6C1-4D8D-B059-9E46289F214E}.Debug|x64.Build.0 = Debug|Any CPU
		{60D8ED3B-E6C1-4D8D-B059-9E46289F214E}.Release|Any CPU.ActiveCfg = Release|Any CPU
		{60D8ED3B-E6C1-4D8D-B059-9E46289F214E}.Release|Any CPU.Build.0 = Release|Any CPU
		{60D8ED3B-E6C1-4D8D-B059-9E46289F214E}.Release|Mixed Platforms.ActiveCfg = Release|Any CPU
		{60D8ED3B-E6C1-4D8D-B059-9E46289F214E}.Release|Mixed Platforms.Build.0 = Release|Any CPU
		{60D8ED3B-E6C1-4D8D-B059-9E46289F214E}.Release|x86.ActiveCfg = Release|Any CPU
		{60D8ED3B-E6C1-4D8D-B059-9E46289F214E}.Release|x86.Build.0 = Release|Any CPU
		{60D8ED3B-E6C1-4D8D-B059-9E46289F214E}.Release|x64.ActiveCfg = Release|Any CPU
		{60D8ED3B-E6C1-4D8D-B059-9E46289F214E}.Release|x64.Build.0 = Release|Any CPU
		{60D8ED3B-E6C1-4D8D-B059-9E46289F214F}.Debug|Any CPU.ActiveCfg = Debug|Any CPU
		{60D8ED3B-E6C1-4D8D-B059-9E46289F214F}.Debug|Any CPU.Build.0 = Debug|Any CPU
		{60D8ED3B-E6C1-4D8D-B059-9E46289F214F}.Debug|Mixed Platforms.ActiveCfg = Debug|Any CPU
		{60D8ED3B-E6C1-4D8D-B059-9E46289F214F}.Debug|Mixed Platforms.Build.0 = Debug|Any CPU
		{60D8ED3B-E6C1-4D8D-B059-9E46289F214F}.Debug|x86.ActiveCfg = Debug|Any CPU
		{60D8ED3B-E6C1-4D8D-B059-9E46289F214F}.Debug|x86.Build.0 = Debug|Any CPU
		{60D8ED3B-E6C1-4D8D-B059-9E46289F214F}.Debug|x64.ActiveCfg = Debug|Any CPU
		{60D8ED3B-E6C1-4D8D-B059-9E46289F214F}.Debug|x64.Build.0 = Debug|Any CPU
		{60D8ED3B-E6C1-4D8D-B059-9E46289F214F}.Release|Any CPU.ActiveCfg = Release|Any CPU
		{60D8ED3B-E6C1-4D8D-B059-9E46289F214F}.Release|Any CPU.Build.0 = Release|Any CPU
		{60D8ED3B-E6C1-4D8D-B059-9E46289F214F}.Release|Mixed Platforms.ActiveCfg = Release|Any CPU
		{60D8ED3B-E6C1-4D8D-B059-9E46289F214F}.Release|Mixed Platforms.Build.0 = Release|Any CPU
		{60D8ED3B-E6C1-4D8D-B059-9E46289F214F}.Release|x86.ActiveCfg = Release|Any CPU
		{60D8ED3B-E6C1-4D8D-B059-9E46289F214F}.Release|x86.Build.0 = Release|Any CPU
		{60D8ED3B-E6C1-4D8D-B059-9E46289F214F}.Release|x64.ActiveCfg = Release|Any CPU
		{60D8ED3B-E6C1-4D8D-B059-9E46289F214F}.Release|x64.Build.0 = Release|Any CPU
		{60D8ED3B-E6C1-4D8D-B059-9E46289F2150}.Debug|Any CPU.ActiveCfg = Debug|Any CPU
		{60D8ED3B-E6C1-4D8D-B059-9E46289F2150}.Debug|Any CPU.Build.0 = Debug|Any CPU
		{60D8ED3B-E6C1-4D8D-B059-9E46289F2150}.Debug|Mixed Platforms.ActiveCfg = Debug|Any CPU
		{60D8ED3B-E6C1-4D8D-B059-9E46289F2150}.Debug|Mixed Platforms.Build.0 = Debug|Any CPU
		{60D8ED3B-E6C1-4D8D-B059-9E46289F2150}.Debug|x86.ActiveCfg = Debug|Any CPU
		{60D8ED3B-E6C1-4D8D-B059-9E46289F2150}.Debug|x86.Build.0 = Debug|Any CPU
		{60D8ED3B-E6C1-4D8D-B059-9E46289F2150}.Debug|x64.ActiveCfg = Debug|Any CPU
		{60D8ED3B-E6C1-4D8D-B059-9E46289F2150}.Debug|x64.Build.0 = Debug|Any CPU
		{60D8ED3B-E6C1-4D8D-B059-9E46289F2150}.Release|Any CPU.ActiveCfg = Release|Any CPU
		{60D8ED3B-E6C1-4D8D-B059-9E46289F2150}.Release|Any CPU.Build.0 = Release|Any CPU
		{60D8ED3B-E6C1-4D8D-B059-9E46289F2150}.Release|Mixed Platforms.ActiveCfg = Release|Any CPU
		{60D8ED3B-E6C1-4D8D-B059-9E46289F2150}.Release|Mixed Platforms.Build.0 = Release|Any CPU
		{60D8ED3B-E6C1-4D8D-B059-9E46289F2150}.Release|x86.ActiveCfg = Release|Any CPU
		{60D8ED3B-E6C1-4D8D-B059-9E46289F2150}.Release|x86.Build.0 = Release|Any CPU
		{60D8ED3B-E6C1-4D8D-B059-9E46289F2150}.Release|x64.ActiveCfg = Release|Any CPU
		{60D8ED3B-E6C1-4D8D-B059-9E46289F2150}.Release|x64.Build.0 = Release|Any CPU
		{60D8ED3B-E6C1-4D8D-B059-9E46289F2151}.Debug|Any CPU.ActiveCfg = Debug|Any CPU
		{60D8ED3B-E6C1-4D8D-B059-9E46289F2151}.Debug|Any CPU.Build.0 = Debug|Any CPU
		{60D8ED3B-E6C1-4D8D-B059-9E46289F2151}.Debug|Mixed Platforms.ActiveCfg = Debug|Any CPU
		{60D8ED3B-E6C1-4D8D-B059-9E46289F2151}.Debug|Mixed Platforms.Build.0 = Debug|Any CPU
		{60D8ED3B-E6C1-4D8D-B059-9E46289F2151}.Debug|x86.ActiveCfg = Debug|Any CPU
		{60D8ED3B-E6C1-4D8D-B059-9E46289F2151}.Debug|x86.Build.0 = Debug|Any CPU
		{60D8ED3B-E6C1-4D8D-B059-9E46289F2151}.Debug|x64.ActiveCfg = Debug|Any CPU
		{60D8ED3B-E6C1-4D8D-B059-9E46289F2151}.Debug|x64.Build.0 = Debug|Any CPU
		{60D8ED3B-E6C1-4D8D-B059-9E46289F2151}.Release|Any CPU.ActiveCfg = Release|Any CPU
		{60D8ED3B-E6C1-4D8D-B059-9E46289F2151}.Release|Any CPU.Build.0 = Release|Any CPU
		{60D8ED3B-E6C1-4D8D-B059-9E46289F2151}.Release|Mixed Platforms.ActiveCfg = Release|Any CPU
		{60D8ED3B-E6C1-4D8D-B059-9E46289F2151}.Release|Mixed Platforms.Build.0 = Release|Any CPU
		{60D8ED3B-E6C1-4D8D-B059-9E46289F2151}.Release|x86.ActiveCfg = Release|Any CPU
		{60D8ED3B-E6C1-4D8D-B059-9E46289F2151}.Release|x86.Build.0 = Release|Any CPU
		{60D8ED3B-E6C1-4D8D-B059-9E46289F2151}.Release|x64.ActiveCfg = Release|Any CPU
		{60D8ED3B-E6C1-4D8D-B059-9E46289F2151}.Release|x64.Build.0 = Release|Any CPU
		{60D8ED3B-E6C1-4D8D-B059-9E46289F2152}.Debug|Any CPU.ActiveCfg = Debug|Any CPU
		{60D8ED3B-E6C1-4D8D-B059-9E46289F2152}.Debug|Any CPU.Build.0 = Debug|Any CPU
		{60D8ED3B-E6C1-4D8D-B059-9E46289F2152}.Debug|Mixed Platforms.ActiveCfg = Debug|Any CPU
		{60D8ED3B-E6C1-4D8D-B059-9E46289F2152}.Debug|Mixed Platforms.Build.0 = Debug|Any CPU
		{60D8ED3B-E6C1-4D8D-B059-9E46289F2152}.Debug|x86.ActiveCfg = Debug|Any CPU
		{60D8ED3B-E6C1-4D8D-B059-9E46289F2152}.Debug|x86.Build.0 = Debug|Any CPU
		{60D8ED3B-E6C1-4D8D-B059-9E46289F2152}.Debug|x64.ActiveCfg = Debug|Any CPU
		{60D8ED3B-E6C1-4D8D-B059-9E46289F2152}.Debug|x64.Build.0 = Debug|Any CPU
		{60D8ED3B-E6C1-4D8D-B059-9E46289F2152}.Release|Any CPU.ActiveCfg = Release|Any CPU
		{60D8ED3B-E6C1-4D8D-B059-9E46289F2152}.Release|Any CPU.Build.0 = Release|Any CPU
		{60D8ED3B-E6C1-4D8D-B059-9E46289F2152}.Release|Mixed Platforms.ActiveCfg = Release|Any CPU
		{60D8ED3B-E6C1-4D8D-B059-9E46289F2152}.Release|Mixed Platforms.Build.0 = Release|Any CPU
		{60D8ED3B-E6C1-4D8D-B059-9E46289F2152}.Release|x86.ActiveCfg = Release|Any CPU
		{60D8ED3B-E6C1-4D8D-B059-9E46289F2152}.Release|x86.Build.0 = Release|Any CPU
		{60D8ED3B-E6C1-4D8D-B059-9E46289F2152}.Release|x64.ActiveCfg = Release|Any CPU
		{60D8ED3B-E6C1-4D8D-B059-9E46289F2152}.Release|x64.Build.0 = Release|Any CPU
		{60D8ED3B-E6C1-4D8D-B059-9E46289F2153}.Debug|Any CPU.ActiveCfg = Debug|Any CPU
		{60D8ED3B-E6C1-4D8D-B059-9E46289F2153}.Debug|Any CPU.Build.0 = Debug|Any CPU
		{60D8ED3B-E6C1-4D8D-B059-9E46289F2153}.Debug|Mixed Platforms.ActiveCfg = Debug|Any CPU
		{60D8ED3B-E6C1-4D8D-B059-9E46289F2153}.Debug|Mixed Platforms.Build.0 = Debug|Any CPU
		{60D8ED3B-E6C1-4D8D-B059-9E46289F2153}.Debug|x86.ActiveCfg = Debug|Any CPU
		{60D8ED3B-E6C1-4D8D-B059-9E46289F2153}.Debug|x86.Build.0 = Debug|Any CPU
		{60D8ED3B-E6C1-4D8D-B059-9E46289F2153}.Debug|x64.ActiveCfg = Debug|Any CPU
		{60D8ED3B-E6C1-4D8D-B059-9E46289F2153}.Debug|x64.Build.0 = Debug|Any CPU
		{60D8ED3B-E6C1-4D8D-B059-9E46289F2153}.Release|Any CPU.ActiveCfg = Release|Any CPU
		{60D8ED3B-E6C1-4D8D-B059-9E46289F2153}.Release|Any CPU.Build.0 = Release|Any CPU
		{60D8ED3B-E6C1-4D8D-B059-9E46289F2153}.Release|Mixed Platforms.ActiveCfg = Release|Any CPU
		{60D8ED3B-E6C1-4D8D-B059-9E46289F2153}.Release|Mixed Platforms.Build.0 = Release|Any CPU
		{60D8ED3B-E6C1-4D8D-B059-9E46289F2153}.Release|x86.ActiveCfg = Release|Any CPU
		{60D8ED3B-E6C1-4D8D-B059-9E46289F2153}.Release|x86.Build.0 = Release|Any CPU
		{60D8ED3B-E6C1-4D8D-B059-9E46289F2153}.Release|x64.ActiveCfg = Release|Any CPU
		{60D8ED3B-E6C1-4D8D-B059-9E46289F2153}.Release|x64.Build.0 = Release|Any CPU
		{60D8ED3B-E6C1-4D8D-B059-9E46289F2154}.Debug|Any CPU.ActiveCfg = Debug|Any CPU
		{60D8ED3B-E6C1-4D8D-B059-9E46289F2154}.Debug|Any CPU.Build.0 = Debug|Any CPU
		{60D8ED3B-E6C1-4D8D-B059-9E46289F2154}.Debug|Mixed Platforms.ActiveCfg = Debug|Any CPU
		{60D8ED3B-E6C1-4D8D-B059-9E46289F2154}.Debug|Mixed Platforms.Build.0 = Debug|Any CPU
		{60D8ED3B-E6C1-4D8D-B059-9E46289F2154}.Debug|x86.ActiveCfg = Debug|Any CPU
		{60D8ED3B-E6C1-4D8D-B059-9E46289F2154}.Debug|x86.Build.0 = Debug|Any CPU
		{60D8ED3B-E6C1-4D8D-B059-9E46289F2154}.Debug|x64.ActiveCfg = Debug|Any CPU
		{60D8ED3B-E6C1-4D8D-B059-9E46289F2154}.Debug|x64.Build.0 = Debug|Any CPU
		{60D8ED3B-E6C1-4D8D-B059-9E46289F2154}.Release|Any CPU.ActiveCfg = Release|Any CPU
		{60D8ED3B-E6C1-4D8D-B059-9E46289F2154}.Release|Any CPU.Build.0 = Release|Any CPU
		{60D8ED3B-E6C1-4D8D-B059-9E46289F2154}.Release|Mixed Platforms.ActiveCfg = Release|Any CPU
		{60D8ED3B-E6C1-4D8D-B059-9E46289F2154}.Release|Mixed Platforms.Build.0 = Release|Any CPU
		{60D8ED3B-E6C1-4D8D-B059-9E46289F2154}.Release|x86.ActiveCfg = Release|Any CPU
		{60D8ED3B-E6C1-4D8D-B059-9E46289F2154}.Release|x86.Build.0 = Release|Any CPU
		{60D8ED3B-E6C1-4D8D-B059-9E46289F2154}.Release|x64.ActiveCfg = Release|Any CPU
		{60D8ED3B-E6C1-4D8D-B059-9E46289F2154}.Release|x64.Build.0 = Release|Any CPU
		{60D8ED3B-E6C1-4D8D-B059-9E46289F2155}.Debug|Any CPU.ActiveCfg = Debug|Any CPU
		{60D8ED3B-E6C1-4D8D-B059-9E46289F2155}.Debug|Any CPU.Build.0 = Debug|Any CPU
		{60D8ED3B-E6C1-4D8D-B059-9E46289F2155}.Debug|Mixed Platforms.ActiveCfg = Debug|Any CPU
		{60D8ED3B-E6C1-4D8D-B059-9E46289F2155}.Debug|Mixed Platforms.Build.0 = Debug|Any CPU
		{60D8ED3B-E6C1-4D8D-B059-9E46289F2155}.Debug|x86.ActiveCfg = Debug|Any CPU
		{60D8ED3B-E6C1-4D8D-B059-9E46289F2155}.Debug|x86.Build.0 = Debug|Any CPU
		{60D8ED3B-E6C1-4D8D-B059-9E46289F2155}.Debug|x64.ActiveCfg = Debug|Any CPU
		{60D8ED3B-E6C1-4D8D-B059-9E46289F2155}.Debug|x64.Build.0 = Debug|Any CPU
		{60D8ED3B-E6C1-4D8D-B059-9E46289F2155}.Release|Any CPU.ActiveCfg = Release|Any CPU
		{60D8ED3B-E6C1-4D8D-B059-9E46289F2155}.Release|Any CPU.Build.0 = Release|Any CPU
		{60D8ED3B-E6C1-4D8D-B059-9E46289F2155}.Release|Mixed Platforms.ActiveCfg = Release|Any CPU
		{60D8ED3B-E6C1-4D8D-B059-9E46289F2155}.Release|Mixed Platforms.Build.0 = Release|Any CPU
		{60D8ED3B-E6C1-4D8D-B059-9E46289F2155}.Release|x86.ActiveCfg = Release|Any CPU
		{60D8ED3B-E6C1-4D8D-B059-9E46289F2155}.Release|x86.Build.0 = Release|Any CPU
		{60D8ED3B-E6C1-4D8D-B059-9E46289F2155}.Release|x64.ActiveCfg = Release|Any CPU
		{60D8ED3B-E6C1-4D8D-B059-9E46289F2155}.Release|x64.Build.0 = Release|Any CPU
		{60D8ED3B-E6C1-4D8D-B059-9E46289F2156}.Debug|Any CPU.ActiveCfg = Debug|Any CPU
		{60D8ED3B-E6C1-4D8D-B059-9E46289F2156}.Debug|Any CPU.Build.0 = Debug|Any CPU
		{60D8ED3B-E6C1-4D8D-B059-9E46289F2156}.Debug|Mixed Platforms.ActiveCfg = Debug|Any CPU
		{60D8ED3B-E6C1-4D8D-B059-9E46289F2156}.Debug|Mixed Platforms.Build.0 = Debug|Any CPU
		{60D8ED3B-E6C1-4D8D-B059-9E46289F2156}.Debug|x86.ActiveCfg = Debug|Any CPU
		{60D8ED3B-E6C1-4D8D-B059-9E46289F2156}.Debug|x86.Build.0 = Debug|Any CPU
		{60D8ED3B-E6C1-4D8D-B059-9E46289F2156}.Debug|x64.ActiveCfg = Debug|Any CPU
		{60D8ED3B-E6C1-4D8D-B059-9E46289F2156}.Debug|x64.Build.0 = Debug|Any CPU
		{60D8ED3B-E6C1-4D8D-B059-9E46289F2156}.Release|Any CPU.ActiveCfg = Release|Any CPU
		{60D8ED3B-E6C1-4D8D-B059-9E46289F2156}.Release|Any CPU.Build.0 = Release|Any CPU
		{60D8ED3B-E6C1-4D8D-B059-9E46289F2156}.Release|Mixed Platforms.ActiveCfg = Release|Any CPU
		{60D8ED3B-E6C1-4D8D-B059-9E46289F2156}.Release|Mixed Platforms.Build.0 = Release|Any CPU
		{60D8ED3B-E6C1-4D8D-B059-9E46289F2156}.Release|x86.ActiveCfg = Release|Any CPU
		{60D8ED3B-E6C1-4D8D-B059-9E46289F2156}.Release|x86.Build.0 = Release|Any CPU
		{60D8ED3B-E6C1-4D8D-B059-9E46289F2156}.Release|x64.ActiveCfg = Release|Any CPU
		{60D8ED3B-E6C1-4D8D-B059-9E46289F2156}.Release|x64.Build.0 = Release|Any CPU
	EndGlobalSection
	GlobalSection(SolutionProperties) = preSolution
		HideSolutionNode = FALSE
	EndGlobalSection
EndGlobal
